
Microsoft Visual Studio Solution File, Format Version 12.00
# Visual Studio Version 17
VisualStudioVersion = 17.4.33205.214
MinimumVisualStudioVersion = 10.0.40219.1
Project("{FAE04EC0-301F-11D3-BF4B-00C04F79EFBC}") = "LanchesMac", "LanchesMac\LanchesMac.csproj", "{B680A515-9FF8-4F61-A298-CB5A688D11EC}"
EndProject
Global
	GlobalSection(SolutionConfigurationPlatforms) = preSolution
		Debug|Any CPU = Debug|Any CPU
		Release|Any CPU = Release|Any CPU
	EndGlobalSection
	GlobalSection(ProjectConfigurationPlatforms) = postSolution
		{B680A515-9FF8-4F61-A298-CB5A688D11EC}.Debug|Any CPU.ActiveCfg = Debug|Any CPU
		{B680A515-9FF8-4F61-A298-CB5A688D11EC}.Debug|Any CPU.Build.0 = Debug|Any CPU
		{B680A515-9FF8-4F61-A298-CB5A688D11EC}.Release|Any CPU.ActiveCfg = Release|Any CPU
		{B680A515-9FF8-4F61-A298-CB5A688D11EC}.Release|Any CPU.Build.0 = Release|Any CPU
	EndGlobalSection
	GlobalSection(SolutionProperties) = preSolution
		HideSolutionNode = FALSE
	EndGlobalSection
	GlobalSection(ExtensibilityGlobals) = postSolution
		SolutionGuid = {5A10A178-3ACD-4948-BDA4-CDCFA57CF624}
	EndGlobalSection
EndGlobal
